<?xml version="1.0" encoding="utf-8"?>
<Project ToolsVersion="4.0" xmlns="http://schemas.microsoft.com/developer/msbuild/2003">
  <ItemGroup>
    <Filter Include="Source Files">
      <UniqueIdentifier>{4FC737F1-C7A5-4376-A066-2A32D752A2FF}</UniqueIdentifier>
      <Extensions>cpp;c;cc;cxx;def;odl;idl;hpj;bat;asm;asmx</Extensions>
    </Filter>
    <Filter Include="Header Files">
      <UniqueIdentifier>{93995380-89BD-4b04-88EB-625FBE52EBFB}</UniqueIdentifier>
      <Extensions>h;hpp;hxx;hm;inl;inc;xsd</Extensions>
    </Filter>
    <Filter Include="Resource Files">
      <UniqueIdentifier>{67DA6AB6-F800-4c08-8B7A-83BB121AAD01}</UniqueIdentifier>
      <Extensions>rc;ico;cur;bmp;dlg;rc2;rct;bin;rgs;gif;jpg;jpeg;jpe;resx;tiff;tif;png;wav;mfcribbon-ms</Extensions>
    </Filter>
    <Filter Include="Simple">
      <UniqueIdentifier>{2fea70e5-23c3-4a44-9f50-0ae031fb6bff}</UniqueIdentifier>
    </Filter>
    <Filter Include="Simple\Parser">
      <UniqueIdentifier>{2e344e36-2b57-4ff9-9228-efbf7fe68e1e}</UniqueIdentifier>
    </Filter>
    <Filter Include="Simple\DesignExtractor">
      <UniqueIdentifier>{c15fcd4a-9d1c-4819-87db-cbd44631f920}</UniqueIdentifier>
    </Filter>
  </ItemGroup>
  <ItemGroup>
    <ClInclude Include="..\source\ASTNode.h">
      <Filter>Header Files</Filter>
    </ClInclude>
    <ClInclude Include="..\source\Definition.h">
      <Filter>Header Files</Filter>
    </ClInclude>
    <ClInclude Include="..\source\VarTable.h">
      <Filter>Header Files</Filter>
    </ClInclude>
    <ClInclude Include="..\source\ProcTable.h">
      <Filter>Header Files</Filter>
    </ClInclude>
    <ClInclude Include="..\source\AST.h">
      <Filter>Header Files</Filter>
    </ClInclude>
    <ClInclude Include="..\source\PKB.h">
      <Filter>Header Files</Filter>
    </ClInclude>
    <ClInclude Include="..\source\ParseException.h">
      <Filter>Header Files</Filter>
    </ClInclude>
    <ClInclude Include="..\source\Parser.h">
      <Filter>Header Files</Filter>
    </ClInclude>
    <ClInclude Include="..\source\Follows.h">
      <Filter>Header Files</Filter>
    </ClInclude>
    <ClInclude Include="..\source\Parent.h">
      <Filter>Header Files</Filter>
    </ClInclude>
    <ClInclude Include="..\source\Uses.h">
      <Filter>Source Files</Filter>
    </ClInclude>
    <ClInclude Include="..\source\DesignExtractor.h">
      <Filter>Header Files</Filter>
    </ClInclude>
    <ClInclude Include="..\source\Calls.h">
      <Filter>Header Files</Filter>
    </ClInclude>
    <ClInclude Include="..\source\EnumType.h">
      <Filter>Header Files</Filter>
    </ClInclude>
    <ClInclude Include="..\source\ASTParameterValue.h">
      <Filter>Header Files</Filter>
    </ClInclude>
    <ClInclude Include="..\source\ASTParameter.h">
      <Filter>Header Files</Filter>
    </ClInclude>
    <ClInclude Include="..\source\Modifies.h">
      <Filter>Header Files</Filter>
    </ClInclude>
    <ClInclude Include="..\source\ASTType.h">
      <Filter>Header Files</Filter>
    </ClInclude>
    <ClInclude Include="..\source\ModifiesEngine.h">
      <Filter>Header Files</Filter>
    </ClInclude>
    <ClInclude Include="..\source\QueryClass.h">
      <Filter>Header Files</Filter>
    </ClInclude>
    <ClInclude Include="..\source\QueryManager.h">
      <Filter>Header Files</Filter>
    </ClInclude>
    <ClInclude Include="..\source\QueryTree.h">
      <Filter>Header Files</Filter>
    </ClInclude>
    <ClInclude Include="..\source\QueryValidator.h">
      <Filter>Header Files</Filter>
    </ClInclude>
    <ClInclude Include="..\source\NextEngine.h">
      <Filter>Header Files</Filter>
    </ClInclude>
    <ClInclude Include="..\source\FollowsEngine.h">
      <Filter>Header Files</Filter>
    </ClInclude>
    <ClInclude Include="..\source\FollowsStarEngine.h">
      <Filter>Header Files</Filter>
    </ClInclude>
    <ClInclude Include="..\source\ParentEngine.h">
      <Filter>Header Files</Filter>
    </ClInclude>
    <ClInclude Include="..\source\ParentStarEngine.h">
      <Filter>Header Files</Filter>
    </ClInclude>
    <ClInclude Include="..\source\UsesEngine.h">
      <Filter>Header Files</Filter>
    </ClInclude>
    <ClInclude Include="..\source\ASTExpressionBuilder.h">
      <Filter>Header Files</Filter>
    </ClInclude>
    <ClInclude Include="..\source\ASTMatcher.h">
      <Filter>Header Files</Filter>
    </ClInclude>
    <ClInclude Include="..\source\ASTTraverser.h">
      <Filter>Header Files</Filter>
    </ClInclude>
    <ClInclude Include="..\source\Next.h">
      <Filter>Header Files</Filter>
    </ClInclude>
    <ClInclude Include="..\source\ListManager.h">
      <Filter>Header Files</Filter>
    </ClInclude>
    <ClInclude Include="..\source\ExpressionPattern.h">
      <Filter>Header Files</Filter>
    </ClInclude>
  </ItemGroup>
  <ItemGroup>
    <ClCompile Include="..\source\ASTNode.cpp">
      <Filter>Source Files</Filter>
    </ClCompile>
    <ClCompile Include="..\source\VarTable.cpp">
      <Filter>Source Files</Filter>
    </ClCompile>
    <ClCompile Include="..\source\ProcTable.cpp">
      <Filter>Source Files</Filter>
    </ClCompile>
    <ClCompile Include="..\source\AST.cpp">
      <Filter>Source Files</Filter>
    </ClCompile>
    <ClCompile Include="..\source\PKB.cpp">
      <Filter>Source Files</Filter>
    </ClCompile>
    <ClCompile Include="..\source\ParseException.cpp">
      <Filter>Source Files</Filter>
    </ClCompile>
    <ClCompile Include="..\source\Parser.cpp">
      <Filter>Source Files</Filter>
    </ClCompile>
    <ClCompile Include="..\source\Follows.cpp">
      <Filter>Source Files</Filter>
    </ClCompile>
    <ClCompile Include="..\source\Parent.cpp">
      <Filter>Source Files</Filter>
    </ClCompile>
    <ClCompile Include="..\source\Modifies.cpp">
      <Filter>Source Files</Filter>
    </ClCompile>
    <ClCompile Include="..\source\Uses.cpp">
      <Filter>Source Files</Filter>
    </ClCompile>
    <ClCompile Include="..\source\DesignExtractor.cpp">
      <Filter>Source Files</Filter>
    </ClCompile>
    <ClCompile Include="..\source\Calls.cpp">
      <Filter>Source Files</Filter>
    </ClCompile>
    <ClCompile Include="..\source\ASTParameterValue.cpp">
      <Filter>Source Files</Filter>
    </ClCompile>
    <ClCompile Include="..\source\ModifiesEngine.cpp">
      <Filter>Source Files</Filter>
    </ClCompile>
    <ClCompile Include="..\source\ASTParameter.cpp">
      <Filter>Source Files</Filter>
    </ClCompile>
    <ClCompile Include="..\source\QueryClass.cpp">
      <Filter>Source Files</Filter>
    </ClCompile>
    <ClCompile Include="..\source\QueryManager.cpp">
      <Filter>Source Files</Filter>
    </ClCompile>
    <ClCompile Include="..\source\QueryTree.cpp">
      <Filter>Source Files</Filter>
    </ClCompile>
    <ClCompile Include="..\source\QueryValidator.cpp">
      <Filter>Source Files</Filter>
    </ClCompile>
    <ClCompile Include="..\source\NextEngine.cpp">
      <Filter>Source Files</Filter>
    </ClCompile>
    <ClCompile Include="..\source\FollowsEngine.cpp">
      <Filter>Source Files</Filter>
    </ClCompile>
    <ClCompile Include="..\source\FollowsStarEngine.cpp">
      <Filter>Source Files</Filter>
    </ClCompile>
    <ClCompile Include="..\source\ParentEngine.cpp">
      <Filter>Source Files</Filter>
    </ClCompile>
    <ClCompile Include="..\source\ParentStarEngine.cpp">
      <Filter>Source Files</Filter>
    </ClCompile>
    <ClCompile Include="..\source\UsesEngine.cpp">
      <Filter>Source Files</Filter>
    </ClCompile>
    <ClCompile Include="..\source\ASTExpressionBuilder.cpp">
      <Filter>Source Files</Filter>
    </ClCompile>
    <ClCompile Include="..\source\ASTMatcher.cpp">
      <Filter>Source Files</Filter>
    </ClCompile>
    <ClCompile Include="..\source\ASTTraverser.cpp">
      <Filter>Source Files</Filter>
    </ClCompile>
    <ClCompile Include="..\source\Next.cpp">
      <Filter>Source Files</Filter>
    </ClCompile>
    <ClCompile Include="..\source\ListManager.cpp">
      <Filter>Source Files</Filter>
    </ClCompile>
    <ClCompile Include="..\source\ExpressionPattern.cpp">
      <Filter>Source Files</Filter>
    </ClCompile>
  </ItemGroup>
  <ItemGroup>
    <None Include="..\source\Simple\Unit Test\Parser\Parse1.txt">
      <Filter>Simple\Parser</Filter>
    </None>
    <None Include="..\source\Simple\Unit Test\Parser\readme.txt">
      <Filter>Simple\Parser</Filter>
    </None>
    <None Include="..\source\Simple\Unit Test\Parser\Parse2.txt">
      <Filter>Simple\Parser</Filter>
    </None>
    <None Include="..\source\Simple\Unit Test\Parser\Parse3.txt">
      <Filter>Simple\Parser</Filter>
    </None>
    <None Include="..\source\Simple\Unit Test\Parser\Parse4.txt">
      <Filter>Simple\Parser</Filter>
    </None>
    <None Include="..\source\Simple\Unit Test\Parser\Parse5.txt">
      <Filter>Simple\Parser</Filter>
    </None>
    <None Include="..\source\Simple\Unit Test\Parser\Parse6.txt">
      <Filter>Simple\Parser</Filter>
    </None>
    <None Include="..\source\Simple\Unit Test\Parser\Parse7.txt">
      <Filter>Simple\Parser</Filter>
    </None>
    <None Include="..\source\Simple\Unit Test\Parser\Parse8.txt">
      <Filter>Simple\Parser</Filter>
    </None>
    <None Include="..\source\Simple\Unit Test\DesignExtractor\Extract1.txt">
      <Filter>Simple\DesignExtractor</Filter>
    </None>
    <None Include="..\source\Simple\Unit Test\DesignExtractor\Extract2.txt">
      <Filter>Simple\DesignExtractor</Filter>
    </None>
    <None Include="..\source\Simple\Unit Test\DesignExtractor\Extract3.txt">
      <Filter>Simple\DesignExtractor</Filter>
    </None>
    <None Include="..\source\Simple\Unit Test\DesignExtractor\Extract4.txt">
      <Filter>Simple\DesignExtractor</Filter>
    </None>
    <None Include="..\source\Simple\Unit Test\DesignExtractor\readme.txt">
      <Filter>Simple\DesignExtractor</Filter>
    </None>
    <None Include="..\source\Simple\Integration.txt">
      <Filter>Simple</Filter>
    </None>
  </ItemGroup>
</Project>