<?xml version="1.0" encoding="utf-8"?>
<Project ToolsVersion="4.0" xmlns="http://schemas.microsoft.com/developer/msbuild/2003">
  <ItemGroup>
    <Filter Include="Source Files">
      <UniqueIdentifier>{4FC737F1-C7A5-4376-A066-2A32D752A2FF}</UniqueIdentifier>
      <Extensions>cpp;c;cc;cxx;def;odl;idl;hpj;bat;asm;asmx</Extensions>
    </Filter>
    <Filter Include="Header Files">
      <UniqueIdentifier>{93995380-89BD-4b04-88EB-625FBE52EBFB}</UniqueIdentifier>
      <Extensions>h;hpp;hxx;hm;inl;inc;xsd</Extensions>
    </Filter>
    <Filter Include="Resource Files">
      <UniqueIdentifier>{67DA6AB6-F800-4c08-8B7A-83BB121AAD01}</UniqueIdentifier>
      <Extensions>rc;ico;cur;bmp;dlg;rc2;rct;bin;rgs;gif;jpg;jpeg;jpe;resx;tiff;tif;png;wav;mfcribbon-ms</Extensions>
    </Filter>
  </ItemGroup>
  <ItemGroup>
    <ClCompile Include="source\UnitTest.cpp">
      <Filter>Source Files</Filter>
    </ClCompile>
    <ClCompile Include="source\TestAST.cpp">
      <Filter>Source Files</Filter>
    </ClCompile>
    <ClCompile Include="source\TestASTNode.cpp">
      <Filter>Source Files</Filter>
    </ClCompile>
    <ClCompile Include="source\TestFollows.cpp">
      <Filter>Source Files</Filter>
    </ClCompile>
    <ClCompile Include="source\TestModifies.cpp">
      <Filter>Source Files</Filter>
    </ClCompile>
    <ClCompile Include="source\TestParent.cpp">
      <Filter>Source Files</Filter>
    </ClCompile>
    <ClCompile Include="source\TestProcTable.cpp">
      <Filter>Source Files</Filter>
    </ClCompile>
    <ClCompile Include="source\TestUses.cpp">
      <Filter>Source Files</Filter>
    </ClCompile>
    <ClCompile Include="source\TestVarTable.cpp">
      <Filter>Source Files</Filter>
    </ClCompile>
    <ClCompile Include="source\TestExpressionParser.cpp">
      <Filter>Source Files</Filter>
    </ClCompile>
    <ClCompile Include="source\TestParser.cpp">
      <Filter>Source Files</Filter>
    </ClCompile>
    <ClCompile Include="source\TestDesignExtractor.cpp">
      <Filter>Source Files</Filter>
    </ClCompile>
  </ItemGroup>
  <ItemGroup>
    <ClInclude Include="source\TestAST.h">
      <Filter>Header Files</Filter>
    </ClInclude>
    <ClInclude Include="source\TestASTNode.h">
      <Filter>Header Files</Filter>
    </ClInclude>
    <ClInclude Include="source\TestFollows.h">
      <Filter>Header Files</Filter>
    </ClInclude>
    <ClInclude Include="source\TestModifies.h">
      <Filter>Header Files</Filter>
    </ClInclude>
    <ClInclude Include="source\TestParent.h">
      <Filter>Header Files</Filter>
    </ClInclude>
    <ClInclude Include="source\TestProcTable.h">
      <Filter>Header Files</Filter>
    </ClInclude>
    <ClInclude Include="source\TestUses.h">
      <Filter>Header Files</Filter>
    </ClInclude>
    <ClInclude Include="source\TestVarTable.h">
      <Filter>Header Files</Filter>
    </ClInclude>
    <ClInclude Include="source\TestExpressionParser.h">
      <Filter>Header Files</Filter>
    </ClInclude>
    <ClInclude Include="source\TestParser.h">
      <Filter>Header Files</Filter>
    </ClInclude>
    <ClInclude Include="source\TestDesignExtractor.h">
      <Filter>Header Files</Filter>
    </ClInclude>
  </ItemGroup>
</Project>